
Microsoft Visual Studio Solution File, Format Version 12.00
# Visual Studio 14
VisualStudioVersion = 14.0.24720.0
MinimumVisualStudioVersion = 10.0.40219.1
Project("{FAE04EC0-301F-11D3-BF4B-00C04F79EFBC}") = "Lecture07.BlogPosts.EntityFramework", "Lecture07.BlogPosts.EntityFramework\Lecture07.BlogPosts.EntityFramework.csproj", "{65623646-1360-403A-865D-327DFDE3B7BB}"
EndProject
Project("{FAE04EC0-301F-11D3-BF4B-00C04F79EFBC}") = "Lecture07.BlogPosts.WebApi", "Lecture07.BlogPosts.WebApi\Lecture07.BlogPosts.WebApi.csproj", "{489EE208-8967-4748-8D49-D36EA42A52F7}"
EndProject
Global
	GlobalSection(SolutionConfigurationPlatforms) = preSolution
		Debug|Any CPU = Debug|Any CPU
		Release|Any CPU = Release|Any CPU
	EndGlobalSection
	GlobalSection(ProjectConfigurationPlatforms) = postSolution
		{65623646-1360-403A-865D-327DFDE3B7BB}.Debug|Any CPU.ActiveCfg = Debug|Any CPU
		{65623646-1360-403A-865D-327DFDE3B7BB}.Debug|Any CPU.Build.0 = Debug|Any CPU
		{65623646-1360-403A-865D-327DFDE3B7BB}.Release|Any CPU.ActiveCfg = Release|Any CPU
		{65623646-1360-403A-865D-327DFDE3B7BB}.Release|Any CPU.Build.0 = Release|Any CPU
		{489EE208-8967-4748-8D49-D36EA42A52F7}.Debug|Any CPU.ActiveCfg = Debug|Any CPU
		{489EE208-8967-4748-8D49-D36EA42A52F7}.Debug|Any CPU.Build.0 = Debug|Any CPU
		{489EE208-8967-4748-8D49-D36EA42A52F7}.Release|Any CPU.ActiveCfg = Release|Any CPU
		{489EE208-8967-4748-8D49-D36EA42A52F7}.Release|Any CPU.Build.0 = Release|Any CPU
	EndGlobalSection
	GlobalSection(SolutionProperties) = preSolution
		HideSolutionNode = FALSE
	EndGlobalSection
EndGlobal
